
Microsoft Visual Studio Solution File, Format Version 12.00
# Visual Studio 14
VisualStudioVersion = 14.0.25420.1
MinimumVisualStudioVersion = 10.0.40219.1
Project("{FAE04EC0-301F-11D3-BF4B-00C04F79EFBC}") = "BeerApplication", "BeerApplication\BeerApplication.csproj", "{33B087F4-1407-4126-9540-98A1E818159F}"
EndProject
Project("{FAE04EC0-301F-11D3-BF4B-00C04F79EFBC}") = "BeerApplicationTests", "BeerApplicationTests\BeerApplicationTests.csproj", "{95FADD78-216C-4C7F-AFCD-73B3E61A7210}"
EndProject
Global
	GlobalSection(SolutionConfigurationPlatforms) = preSolution
		Debug|Any CPU = Debug|Any CPU
		Release|Any CPU = Release|Any CPU
	EndGlobalSection
	GlobalSection(ProjectConfigurationPlatforms) = postSolution
		{33B087F4-1407-4126-9540-98A1E818159F}.Debug|Any CPU.ActiveCfg = Debug|Any CPU
		{33B087F4-1407-4126-9540-98A1E818159F}.Debug|Any CPU.Build.0 = Debug|Any CPU
		{33B087F4-1407-4126-9540-98A1E818159F}.Release|Any CPU.ActiveCfg = Release|Any CPU
		{33B087F4-1407-4126-9540-98A1E818159F}.Release|Any CPU.Build.0 = Release|Any CPU
		{95FADD78-216C-4C7F-AFCD-73B3E61A7210}.Debug|Any CPU.ActiveCfg = Debug|Any CPU
		{95FADD78-216C-4C7F-AFCD-73B3E61A7210}.Debug|Any CPU.Build.0 = Debug|Any CPU
		{95FADD78-216C-4C7F-AFCD-73B3E61A7210}.Release|Any CPU.ActiveCfg = Release|Any CPU
		{95FADD78-216C-4C7F-AFCD-73B3E61A7210}.Release|Any CPU.Build.0 = Release|Any CPU
	EndGlobalSection
	GlobalSection(SolutionProperties) = preSolution
		HideSolutionNode = FALSE
	EndGlobalSection
EndGlobal
